
Microsoft Visual Studio Solution File, Format Version 12.00
# Visual Studio Version 17
VisualStudioVersion = 17.11.35222.181
MinimumVisualStudioVersion = 10.0.40219.1
Project("{FAE04EC0-301F-11D3-BF4B-00C04F79EFBC}") = "pythagorova_veta", "pythagorova_veta\pythagorova_veta.csproj", "{5514D619-32EA-47A4-9FD5-CCE538C3A9DA}"
EndProject
Global
	GlobalSection(SolutionConfigurationPlatforms) = preSolution
		Debug|Any CPU = Debug|Any CPU
		Release|Any CPU = Release|Any CPU
	EndGlobalSection
	GlobalSection(ProjectConfigurationPlatforms) = postSolution
		{5514D619-32EA-47A4-9FD5-CCE538C3A9DA}.Debug|Any CPU.ActiveCfg = Debug|Any CPU
		{5514D619-32EA-47A4-9FD5-CCE538C3A9DA}.Debug|Any CPU.Build.0 = Debug|Any CPU
		{5514D619-32EA-47A4-9FD5-CCE538C3A9DA}.Release|Any CPU.ActiveCfg = Release|Any CPU
		{5514D619-32EA-47A4-9FD5-CCE538C3A9DA}.Release|Any CPU.Build.0 = Release|Any CPU
	EndGlobalSection
	GlobalSection(SolutionProperties) = preSolution
		HideSolutionNode = FALSE
	EndGlobalSection
	GlobalSection(ExtensibilityGlobals) = postSolution
		SolutionGuid = {B687DA8C-7791-4CA4-87F9-E06FA8AB05FA}
	EndGlobalSection
EndGlobal
