
Microsoft Visual Studio Solution File, Format Version 12.00
# Visual Studio Version 17
VisualStudioVersion = 17.11.35222.181
MinimumVisualStudioVersion = 10.0.40219.1
Project("{FAE04EC0-301F-11D3-BF4B-00C04F79EFBC}") = "bonus_textovka", "bonus_textovka\bonus_textovka.csproj", "{6CB6B546-8BAE-48C0-95AB-63790ED3C43E}"
EndProject
Global
	GlobalSection(SolutionConfigurationPlatforms) = preSolution
		Debug|Any CPU = Debug|Any CPU
		Release|Any CPU = Release|Any CPU
	EndGlobalSection
	GlobalSection(ProjectConfigurationPlatforms) = postSolution
		{6CB6B546-8BAE-48C0-95AB-63790ED3C43E}.Debug|Any CPU.ActiveCfg = Debug|Any CPU
		{6CB6B546-8BAE-48C0-95AB-63790ED3C43E}.Debug|Any CPU.Build.0 = Debug|Any CPU
		{6CB6B546-8BAE-48C0-95AB-63790ED3C43E}.Release|Any CPU.ActiveCfg = Release|Any CPU
		{6CB6B546-8BAE-48C0-95AB-63790ED3C43E}.Release|Any CPU.Build.0 = Release|Any CPU
	EndGlobalSection
	GlobalSection(SolutionProperties) = preSolution
		HideSolutionNode = FALSE
	EndGlobalSection
	GlobalSection(ExtensibilityGlobals) = postSolution
		SolutionGuid = {06105EAD-00E9-4C32-B38D-180F3C1F9A2A}
	EndGlobalSection
EndGlobal
