
Microsoft Visual Studio Solution File, Format Version 12.00
# Visual Studio Version 17
VisualStudioVersion = 17.11.35222.181
MinimumVisualStudioVersion = 10.0.40219.1
Project("{FAE04EC0-301F-11D3-BF4B-00C04F79EFBC}") = "ChybaFor_5", "ChybaFor_5\ChybaFor_5.csproj", "{63C07732-69AE-412B-A76F-EA300E5C8DA2}"
EndProject
Global
	GlobalSection(SolutionConfigurationPlatforms) = preSolution
		Debug|Any CPU = Debug|Any CPU
		Release|Any CPU = Release|Any CPU
	EndGlobalSection
	GlobalSection(ProjectConfigurationPlatforms) = postSolution
		{63C07732-69AE-412B-A76F-EA300E5C8DA2}.Debug|Any CPU.ActiveCfg = Debug|Any CPU
		{63C07732-69AE-412B-A76F-EA300E5C8DA2}.Debug|Any CPU.Build.0 = Debug|Any CPU
		{63C07732-69AE-412B-A76F-EA300E5C8DA2}.Release|Any CPU.ActiveCfg = Release|Any CPU
		{63C07732-69AE-412B-A76F-EA300E5C8DA2}.Release|Any CPU.Build.0 = Release|Any CPU
	EndGlobalSection
	GlobalSection(SolutionProperties) = preSolution
		HideSolutionNode = FALSE
	EndGlobalSection
	GlobalSection(ExtensibilityGlobals) = postSolution
		SolutionGuid = {F25FC677-C3A4-475A-9F3B-06E46E059C4A}
	EndGlobalSection
EndGlobal
