
Microsoft Visual Studio Solution File, Format Version 12.00
# Visual Studio Version 17
VisualStudioVersion = 17.11.35222.181
MinimumVisualStudioVersion = 10.0.40219.1
Project("{FAE04EC0-301F-11D3-BF4B-00C04F79EFBC}") = "NamalujTrojuhelnikD", "NamalujTrojuhelnikD\NamalujTrojuhelnikD.csproj", "{FBCD312A-FDAD-4DF3-A6FC-EB4C231366DD}"
EndProject
Global
	GlobalSection(SolutionConfigurationPlatforms) = preSolution
		Debug|Any CPU = Debug|Any CPU
		Release|Any CPU = Release|Any CPU
	EndGlobalSection
	GlobalSection(ProjectConfigurationPlatforms) = postSolution
		{FBCD312A-FDAD-4DF3-A6FC-EB4C231366DD}.Debug|Any CPU.ActiveCfg = Debug|Any CPU
		{FBCD312A-FDAD-4DF3-A6FC-EB4C231366DD}.Debug|Any CPU.Build.0 = Debug|Any CPU
		{FBCD312A-FDAD-4DF3-A6FC-EB4C231366DD}.Release|Any CPU.ActiveCfg = Release|Any CPU
		{FBCD312A-FDAD-4DF3-A6FC-EB4C231366DD}.Release|Any CPU.Build.0 = Release|Any CPU
	EndGlobalSection
	GlobalSection(SolutionProperties) = preSolution
		HideSolutionNode = FALSE
	EndGlobalSection
	GlobalSection(ExtensibilityGlobals) = postSolution
		SolutionGuid = {5EB1EA1B-C6E4-43EA-B518-B50407CB3719}
	EndGlobalSection
EndGlobal
