
Microsoft Visual Studio Solution File, Format Version 12.00
# Visual Studio Version 17
VisualStudioVersion = 17.11.35222.181
MinimumVisualStudioVersion = 10.0.40219.1
Project("{FAE04EC0-301F-11D3-BF4B-00C04F79EFBC}") = "NamalujCtverec", "NamalujCtverec\NamalujCtverec.csproj", "{5CADB53D-62EA-4403-9F66-911B0D29B7AE}"
EndProject
Global
	GlobalSection(SolutionConfigurationPlatforms) = preSolution
		Debug|Any CPU = Debug|Any CPU
		Release|Any CPU = Release|Any CPU
	EndGlobalSection
	GlobalSection(ProjectConfigurationPlatforms) = postSolution
		{5CADB53D-62EA-4403-9F66-911B0D29B7AE}.Debug|Any CPU.ActiveCfg = Debug|Any CPU
		{5CADB53D-62EA-4403-9F66-911B0D29B7AE}.Debug|Any CPU.Build.0 = Debug|Any CPU
		{5CADB53D-62EA-4403-9F66-911B0D29B7AE}.Release|Any CPU.ActiveCfg = Release|Any CPU
		{5CADB53D-62EA-4403-9F66-911B0D29B7AE}.Release|Any CPU.Build.0 = Release|Any CPU
	EndGlobalSection
	GlobalSection(SolutionProperties) = preSolution
		HideSolutionNode = FALSE
	EndGlobalSection
	GlobalSection(ExtensibilityGlobals) = postSolution
		SolutionGuid = {BE3B8DBF-C099-40F0-814C-7AF04CD1CEA1}
	EndGlobalSection
EndGlobal
