
Microsoft Visual Studio Solution File, Format Version 12.00
# Visual Studio Version 17
VisualStudioVersion = 17.11.35222.181
MinimumVisualStudioVersion = 10.0.40219.1
Project("{FAE04EC0-301F-11D3-BF4B-00C04F79EFBC}") = "den_tydne", "den_tydne\den_tydne.csproj", "{995F7B1D-0E0F-4CAF-883A-78C3B0B9E9CC}"
EndProject
Global
	GlobalSection(SolutionConfigurationPlatforms) = preSolution
		Debug|Any CPU = Debug|Any CPU
		Release|Any CPU = Release|Any CPU
	EndGlobalSection
	GlobalSection(ProjectConfigurationPlatforms) = postSolution
		{995F7B1D-0E0F-4CAF-883A-78C3B0B9E9CC}.Debug|Any CPU.ActiveCfg = Debug|Any CPU
		{995F7B1D-0E0F-4CAF-883A-78C3B0B9E9CC}.Debug|Any CPU.Build.0 = Debug|Any CPU
		{995F7B1D-0E0F-4CAF-883A-78C3B0B9E9CC}.Release|Any CPU.ActiveCfg = Release|Any CPU
		{995F7B1D-0E0F-4CAF-883A-78C3B0B9E9CC}.Release|Any CPU.Build.0 = Release|Any CPU
	EndGlobalSection
	GlobalSection(SolutionProperties) = preSolution
		HideSolutionNode = FALSE
	EndGlobalSection
	GlobalSection(ExtensibilityGlobals) = postSolution
		SolutionGuid = {B75775F9-4A74-4478-A4C3-40AC90559D29}
	EndGlobalSection
EndGlobal
