
Microsoft Visual Studio Solution File, Format Version 12.00
# Visual Studio Version 17
VisualStudioVersion = 17.11.35222.181
MinimumVisualStudioVersion = 10.0.40219.1
Project("{FAE04EC0-301F-11D3-BF4B-00C04F79EFBC}") = "chyba_v_podmince", "chyba_v_podmince\chyba_v_podmince.csproj", "{59AE28DF-51B3-4E77-9512-07DB261FC144}"
EndProject
Global
	GlobalSection(SolutionConfigurationPlatforms) = preSolution
		Debug|Any CPU = Debug|Any CPU
		Release|Any CPU = Release|Any CPU
	EndGlobalSection
	GlobalSection(ProjectConfigurationPlatforms) = postSolution
		{59AE28DF-51B3-4E77-9512-07DB261FC144}.Debug|Any CPU.ActiveCfg = Debug|Any CPU
		{59AE28DF-51B3-4E77-9512-07DB261FC144}.Debug|Any CPU.Build.0 = Debug|Any CPU
		{59AE28DF-51B3-4E77-9512-07DB261FC144}.Release|Any CPU.ActiveCfg = Release|Any CPU
		{59AE28DF-51B3-4E77-9512-07DB261FC144}.Release|Any CPU.Build.0 = Release|Any CPU
	EndGlobalSection
	GlobalSection(SolutionProperties) = preSolution
		HideSolutionNode = FALSE
	EndGlobalSection
	GlobalSection(ExtensibilityGlobals) = postSolution
		SolutionGuid = {70A9CD87-894B-410E-8FC4-5040BE08901A}
	EndGlobalSection
EndGlobal
