
Microsoft Visual Studio Solution File, Format Version 12.00
# Visual Studio Version 17
VisualStudioVersion = 17.11.35222.181
MinimumVisualStudioVersion = 10.0.40219.1
Project("{FAE04EC0-301F-11D3-BF4B-00C04F79EFBC}") = "duchodova_kalkulacka", "duchodova_kalkulacka\duchodova_kalkulacka.csproj", "{4CA2B5FE-23D9-42C4-8F51-CFC86FB007CD}"
EndProject
Global
	GlobalSection(SolutionConfigurationPlatforms) = preSolution
		Debug|Any CPU = Debug|Any CPU
		Release|Any CPU = Release|Any CPU
	EndGlobalSection
	GlobalSection(ProjectConfigurationPlatforms) = postSolution
		{4CA2B5FE-23D9-42C4-8F51-CFC86FB007CD}.Debug|Any CPU.ActiveCfg = Debug|Any CPU
		{4CA2B5FE-23D9-42C4-8F51-CFC86FB007CD}.Debug|Any CPU.Build.0 = Debug|Any CPU
		{4CA2B5FE-23D9-42C4-8F51-CFC86FB007CD}.Release|Any CPU.ActiveCfg = Release|Any CPU
		{4CA2B5FE-23D9-42C4-8F51-CFC86FB007CD}.Release|Any CPU.Build.0 = Release|Any CPU
	EndGlobalSection
	GlobalSection(SolutionProperties) = preSolution
		HideSolutionNode = FALSE
	EndGlobalSection
	GlobalSection(ExtensibilityGlobals) = postSolution
		SolutionGuid = {7C3CE5CC-4CFC-4343-BD9E-6709835BDAF1}
	EndGlobalSection
EndGlobal
