
Microsoft Visual Studio Solution File, Format Version 12.00
# Visual Studio Version 17
VisualStudioVersion = 17.11.35222.181
MinimumVisualStudioVersion = 10.0.40219.1
Project("{FAE04EC0-301F-11D3-BF4B-00C04F79EFBC}") = "znamkovac", "znamkovac\znamkovac.csproj", "{722FF84A-212C-462B-9FE2-B741EEDFA017}"
EndProject
Global
	GlobalSection(SolutionConfigurationPlatforms) = preSolution
		Debug|Any CPU = Debug|Any CPU
		Release|Any CPU = Release|Any CPU
	EndGlobalSection
	GlobalSection(ProjectConfigurationPlatforms) = postSolution
		{722FF84A-212C-462B-9FE2-B741EEDFA017}.Debug|Any CPU.ActiveCfg = Debug|Any CPU
		{722FF84A-212C-462B-9FE2-B741EEDFA017}.Debug|Any CPU.Build.0 = Debug|Any CPU
		{722FF84A-212C-462B-9FE2-B741EEDFA017}.Release|Any CPU.ActiveCfg = Release|Any CPU
		{722FF84A-212C-462B-9FE2-B741EEDFA017}.Release|Any CPU.Build.0 = Release|Any CPU
	EndGlobalSection
	GlobalSection(SolutionProperties) = preSolution
		HideSolutionNode = FALSE
	EndGlobalSection
	GlobalSection(ExtensibilityGlobals) = postSolution
		SolutionGuid = {1D740F5A-6823-41E0-B330-1C30F4D3EAF8}
	EndGlobalSection
EndGlobal
