
Microsoft Visual Studio Solution File, Format Version 12.00
# Visual Studio Version 17
VisualStudioVersion = 17.11.35222.181
MinimumVisualStudioVersion = 10.0.40219.1
Project("{FAE04EC0-301F-11D3-BF4B-00C04F79EFBC}") = "JizdniRad", "JizdniRad\JizdniRad.csproj", "{02699841-5F03-4F47-B371-7FDA8CBC479F}"
EndProject
Global
	GlobalSection(SolutionConfigurationPlatforms) = preSolution
		Debug|Any CPU = Debug|Any CPU
		Release|Any CPU = Release|Any CPU
	EndGlobalSection
	GlobalSection(ProjectConfigurationPlatforms) = postSolution
		{02699841-5F03-4F47-B371-7FDA8CBC479F}.Debug|Any CPU.ActiveCfg = Debug|Any CPU
		{02699841-5F03-4F47-B371-7FDA8CBC479F}.Debug|Any CPU.Build.0 = Debug|Any CPU
		{02699841-5F03-4F47-B371-7FDA8CBC479F}.Release|Any CPU.ActiveCfg = Release|Any CPU
		{02699841-5F03-4F47-B371-7FDA8CBC479F}.Release|Any CPU.Build.0 = Release|Any CPU
	EndGlobalSection
	GlobalSection(SolutionProperties) = preSolution
		HideSolutionNode = FALSE
	EndGlobalSection
	GlobalSection(ExtensibilityGlobals) = postSolution
		SolutionGuid = {E92072E5-D113-4820-B81C-7645E1403479}
	EndGlobalSection
EndGlobal
