
Microsoft Visual Studio Solution File, Format Version 12.00
# Visual Studio Version 17
VisualStudioVersion = 17.11.35222.181
MinimumVisualStudioVersion = 10.0.40219.1
Project("{FAE04EC0-301F-11D3-BF4B-00C04F79EFBC}") = "bonus_extra_textovka", "bonus_extra_textovka\bonus_extra_textovka.csproj", "{87822C5C-6B88-493C-AB43-05A402A029FB}"
EndProject
Global
	GlobalSection(SolutionConfigurationPlatforms) = preSolution
		Debug|Any CPU = Debug|Any CPU
		Release|Any CPU = Release|Any CPU
	EndGlobalSection
	GlobalSection(ProjectConfigurationPlatforms) = postSolution
		{87822C5C-6B88-493C-AB43-05A402A029FB}.Debug|Any CPU.ActiveCfg = Debug|Any CPU
		{87822C5C-6B88-493C-AB43-05A402A029FB}.Debug|Any CPU.Build.0 = Debug|Any CPU
		{87822C5C-6B88-493C-AB43-05A402A029FB}.Release|Any CPU.ActiveCfg = Release|Any CPU
		{87822C5C-6B88-493C-AB43-05A402A029FB}.Release|Any CPU.Build.0 = Release|Any CPU
	EndGlobalSection
	GlobalSection(SolutionProperties) = preSolution
		HideSolutionNode = FALSE
	EndGlobalSection
	GlobalSection(ExtensibilityGlobals) = postSolution
		SolutionGuid = {7E00AB3F-A441-4E53-892B-4C0269C340EC}
	EndGlobalSection
EndGlobal
