
Microsoft Visual Studio Solution File, Format Version 12.00
# Visual Studio Version 17
VisualStudioVersion = 17.11.35222.181
MinimumVisualStudioVersion = 10.0.40219.1
Project("{FAE04EC0-301F-11D3-BF4B-00C04F79EFBC}") = "ChybaFor_2", "ChybaFor_2\ChybaFor_2.csproj", "{ED1E814D-A99C-423C-950B-D77266A3E4FB}"
EndProject
Global
	GlobalSection(SolutionConfigurationPlatforms) = preSolution
		Debug|Any CPU = Debug|Any CPU
		Release|Any CPU = Release|Any CPU
	EndGlobalSection
	GlobalSection(ProjectConfigurationPlatforms) = postSolution
		{ED1E814D-A99C-423C-950B-D77266A3E4FB}.Debug|Any CPU.ActiveCfg = Debug|Any CPU
		{ED1E814D-A99C-423C-950B-D77266A3E4FB}.Debug|Any CPU.Build.0 = Debug|Any CPU
		{ED1E814D-A99C-423C-950B-D77266A3E4FB}.Release|Any CPU.ActiveCfg = Release|Any CPU
		{ED1E814D-A99C-423C-950B-D77266A3E4FB}.Release|Any CPU.Build.0 = Release|Any CPU
	EndGlobalSection
	GlobalSection(SolutionProperties) = preSolution
		HideSolutionNode = FALSE
	EndGlobalSection
	GlobalSection(ExtensibilityGlobals) = postSolution
		SolutionGuid = {35B3D129-0D8D-46A9-A11E-875E290B0D5A}
	EndGlobalSection
EndGlobal
