
Microsoft Visual Studio Solution File, Format Version 12.00
# Visual Studio Version 17
VisualStudioVersion = 17.11.35222.181
MinimumVisualStudioVersion = 10.0.40219.1
Project("{FAE04EC0-301F-11D3-BF4B-00C04F79EFBC}") = "suda_licha", "suda_licha\suda_licha.csproj", "{C47BD537-64F3-4F3F-AF29-5D1C85F5D1C9}"
EndProject
Global
	GlobalSection(SolutionConfigurationPlatforms) = preSolution
		Debug|Any CPU = Debug|Any CPU
		Release|Any CPU = Release|Any CPU
	EndGlobalSection
	GlobalSection(ProjectConfigurationPlatforms) = postSolution
		{C47BD537-64F3-4F3F-AF29-5D1C85F5D1C9}.Debug|Any CPU.ActiveCfg = Debug|Any CPU
		{C47BD537-64F3-4F3F-AF29-5D1C85F5D1C9}.Debug|Any CPU.Build.0 = Debug|Any CPU
		{C47BD537-64F3-4F3F-AF29-5D1C85F5D1C9}.Release|Any CPU.ActiveCfg = Release|Any CPU
		{C47BD537-64F3-4F3F-AF29-5D1C85F5D1C9}.Release|Any CPU.Build.0 = Release|Any CPU
	EndGlobalSection
	GlobalSection(SolutionProperties) = preSolution
		HideSolutionNode = FALSE
	EndGlobalSection
	GlobalSection(ExtensibilityGlobals) = postSolution
		SolutionGuid = {C2F6AE65-D522-459B-B111-C04A51509172}
	EndGlobalSection
EndGlobal
