
Microsoft Visual Studio Solution File, Format Version 12.00
# Visual Studio Version 17
VisualStudioVersion = 17.11.35222.181
MinimumVisualStudioVersion = 10.0.40219.1
Project("{FAE04EC0-301F-11D3-BF4B-00C04F79EFBC}") = "je_trojuhelnik", "je_trojuhelnik\je_trojuhelnik.csproj", "{38A5948E-C41E-46C4-9202-8861F4D49194}"
EndProject
Global
	GlobalSection(SolutionConfigurationPlatforms) = preSolution
		Debug|Any CPU = Debug|Any CPU
		Release|Any CPU = Release|Any CPU
	EndGlobalSection
	GlobalSection(ProjectConfigurationPlatforms) = postSolution
		{38A5948E-C41E-46C4-9202-8861F4D49194}.Debug|Any CPU.ActiveCfg = Debug|Any CPU
		{38A5948E-C41E-46C4-9202-8861F4D49194}.Debug|Any CPU.Build.0 = Debug|Any CPU
		{38A5948E-C41E-46C4-9202-8861F4D49194}.Release|Any CPU.ActiveCfg = Release|Any CPU
		{38A5948E-C41E-46C4-9202-8861F4D49194}.Release|Any CPU.Build.0 = Release|Any CPU
	EndGlobalSection
	GlobalSection(SolutionProperties) = preSolution
		HideSolutionNode = FALSE
	EndGlobalSection
	GlobalSection(ExtensibilityGlobals) = postSolution
		SolutionGuid = {D7FFAE1C-BA85-4F06-B890-4C0543827C77}
	EndGlobalSection
EndGlobal
